
Microsoft Visual Studio Solution File, Format Version 12.00
# Visual Studio Version 16
VisualStudioVersion = 16.0.32428.217
MinimumVisualStudioVersion = 10.0.40219.1
Project("{8BC9CEB8-8B4A-11D0-8D11-00A0C91BC942}") = "DNS_Client", "DNS_Client.vcxproj", "{5B5B7B67-E5BE-4544-A754-979EBB029772}"
EndProject
Global
	GlobalSection(SolutionConfigurationPlatforms) = preSolution
		Debug|x64 = Debug|x64
		Debug|x86 = Debug|x86
		Release|x64 = Release|x64
		Release|x86 = Release|x86
	EndGlobalSection
	GlobalSection(ProjectConfigurationPlatforms) = postSolution
		{5B5B7B67-E5BE-4544-A754-979EBB029772}.Debug|x64.ActiveCfg = Debug|x64
		{5B5B7B67-E5BE-4544-A754-979EBB029772}.Debug|x64.Build.0 = Debug|x64
		{5B5B7B67-E5BE-4544-A754-979EBB029772}.Debug|x86.ActiveCfg = Debug|Win32
		{5B5B7B67-E5BE-4544-A754-979EBB029772}.Debug|x86.Build.0 = Debug|Win32
		{5B5B7B67-E5BE-4544-A754-979EBB029772}.Release|x64.ActiveCfg = Release|x64
		{5B5B7B67-E5BE-4544-A754-979EBB029772}.Release|x64.Build.0 = Release|x64
		{5B5B7B67-E5BE-4544-A754-979EBB029772}.Release|x86.ActiveCfg = Release|Win32
		{5B5B7B67-E5BE-4544-A754-979EBB029772}.Release|x86.Build.0 = Release|Win32
	EndGlobalSection
	GlobalSection(SolutionProperties) = preSolution
		HideSolutionNode = FALSE
	EndGlobalSection
	GlobalSection(ExtensibilityGlobals) = postSolution
		SolutionGuid = {97098E3D-B93A-4E1D-9318-F1385C22AABC}
	EndGlobalSection
EndGlobal
